
Microsoft Visual Studio Solution File, Format Version 12.00
# Visual Studio Version 17
VisualStudioVersion = 17.11.35312.102
MinimumVisualStudioVersion = 10.0.40219.1
Project("{9A19103F-16F7-4668-BE54-9A1E7A4F7556}") = "DocumentAccessApprovalSystem", "DocumentAccessApprovalSystem.csproj", "{804B5470-1650-4656-8AAA-5972B7C4689A}"
EndProject
Project("{9A19103F-16F7-4668-BE54-9A1E7A4F7556}") = "Tests", "Tests\Tests.csproj", "{6246657A-6274-40E6-984F-87C8288218A5}"
	ProjectSection(ProjectDependencies) = postProject
		{804B5470-1650-4656-8AAA-5972B7C4689A} = {804B5470-1650-4656-8AAA-5972B7C4689A}
	EndProjectSection
EndProject
Global
	GlobalSection(SolutionConfigurationPlatforms) = preSolution
		Debug|Any CPU = Debug|Any CPU
		Release|Any CPU = Release|Any CPU
	EndGlobalSection
	GlobalSection(ProjectConfigurationPlatforms) = postSolution
		{804B5470-1650-4656-8AAA-5972B7C4689A}.Debug|Any CPU.ActiveCfg = Debug|Any CPU
		{804B5470-1650-4656-8AAA-5972B7C4689A}.Debug|Any CPU.Build.0 = Debug|Any CPU
		{804B5470-1650-4656-8AAA-5972B7C4689A}.Release|Any CPU.ActiveCfg = Release|Any CPU
		{804B5470-1650-4656-8AAA-5972B7C4689A}.Release|Any CPU.Build.0 = Release|Any CPU
		{6246657A-6274-40E6-984F-87C8288218A5}.Debug|Any CPU.ActiveCfg = Debug|Any CPU
		{6246657A-6274-40E6-984F-87C8288218A5}.Debug|Any CPU.Build.0 = Debug|Any CPU
		{6246657A-6274-40E6-984F-87C8288218A5}.Release|Any CPU.ActiveCfg = Release|Any CPU
		{6246657A-6274-40E6-984F-87C8288218A5}.Release|Any CPU.Build.0 = Release|Any CPU
	EndGlobalSection
	GlobalSection(SolutionProperties) = preSolution
		HideSolutionNode = FALSE
	EndGlobalSection
	GlobalSection(ExtensibilityGlobals) = postSolution
		SolutionGuid = {981639D7-61D9-4CE8-9ADB-99CF26DD6D1D}
	EndGlobalSection
EndGlobal
